{
	"name": "androidDemo",
	"version": "0.0.1",
	"lockfileVersion": 1,
	"requires": true,
	"dependencies": {
		"add-dom-event-listener": {
			"version": "1.0.2",
			"resolved": "https://registry.npmjs.org/add-dom-event-listener/-/add-dom-event-listener-1.0.2.tgz",
			"integrity": "sha1-j67SxBAIchzxEdodMNmVuFvkK+0=",
			"requires": {
				"object-assign": "4.1.1"
			}
		},
		"antd-mobile": {
			"version": "2.0.0",
			"resolved": "https://registry.npmjs.org/antd-mobile/-/antd-mobile-2.0.0.tgz",
			"integrity": "sha512-D6vaEzqu5gGEpViOqUtNM7aH7l4flNDC/rqw2fNZKcJsK9IVygScgLDT7OpfhtZjspm8xcnChMaqYdm/dvw0yA==",
			"requires": {
				"array-tree-filter": "1.0.1",
				"babel-runtime": "6.26.0",
				"classnames": "2.2.5",
				"normalize.css": "7.0.0",
				"rc-checkbox": "2.0.3",
				"rc-collapse": "1.7.6",
				"rc-drawer": "0.4.11",
				"rc-notification": "2.0.6",
				"rc-slider": "8.2.0",
				"rc-swipeout": "2.0.2",
				"react-native-camera-roll-picker": "1.2.3",
				"react-native-collapsible": "0.8.1",
				"react-native-drawer-layout": "1.3.2",
				"react-native-menu": "0.23.0",
				"rmc-calendar": "1.1.2",
				"rmc-cascader": "5.0.0",
				"rmc-date-picker": "6.0.5",
				"rmc-dialog": "1.0.5",
				"rmc-feedback": "1.0.2",
				"rmc-input-number": "1.0.1",
				"rmc-list-view": "0.11.2",
				"rmc-nuka-carousel": "3.0.0",
				"rmc-picker": "5.0.3",
				"rmc-pull-to-refresh": "1.0.3",
				"rmc-steps": "1.0.0",
				"rmc-tabs": "1.2.10",
				"rmc-tooltip": "1.0.1",
				"rn-topview": "0.1.6"
			}
		},
		"array-tree-filter": {
			"version": "1.0.1",
			"resolved": "https://registry.npmjs.org/array-tree-filter/-/array-tree-filter-1.0.1.tgz",
			"integrity": "sha1-CorR7v04zoiFhjL5zAQj12NOTV0="
		},
		"asap": {
			"version": "2.0.6",
			"resolved": "https://registry.npmjs.org/asap/-/asap-2.0.6.tgz",
			"integrity": "sha1-5QNHYR1+aQlDIIu9r+vLwvuGbUY="
		},
		"babel-helper-module-imports": {
			"version": "7.0.0-beta.3",
			"resolved": "https://registry.npmjs.org/babel-helper-module-imports/-/babel-helper-module-imports-7.0.0-beta.3.tgz",
			"integrity": "sha512-bdPrIXbUTYfREhRhjbN8SstwQaj0S4+rW4PKi1f2Wc5fizSh0hGYkfXUdiSSOgyTydm956tAyz4FrG61bqdQyw==",
			"dev": true,
			"requires": {
				"babel-types": "7.0.0-beta.3",
				"lodash": "4.17.4"
			}
		},
		"babel-plugin-import": {
			"version": "1.6.2",
			"resolved": "https://registry.npmjs.org/babel-plugin-import/-/babel-plugin-import-1.6.2.tgz",
			"integrity": "sha512-U6vj1TyysR/D93TrUc1ITN6NBxKJuCqVO/307Uxmpr8gycW9X/rJsvgGMse/SXQ5CPa06cDpaax1KPaePofU1g==",
			"dev": true,
			"requires": {
				"babel-helper-module-imports": "7.0.0-beta.3"
			}
		},
		"babel-runtime": {
			"version": "6.26.0",
			"resolved": "https://registry.npmjs.org/babel-runtime/-/babel-runtime-6.26.0.tgz",
			"integrity": "sha1-llxwWGaOgrVde/4E/yM3vItWR/4=",
			"requires": {
				"core-js": "2.5.1",
				"regenerator-runtime": "0.11.0"
			}
		},
		"babel-types": {
			"version": "7.0.0-beta.3",
			"resolved": "https://registry.npmjs.org/babel-types/-/babel-types-7.0.0-beta.3.tgz",
			"integrity": "sha512-36k8J+byAe181OmCMawGhw+DtKO7AwexPVtsPXoMfAkjtZgoCX3bEuHWfdE5sYxRM8dojvtG/+O08M0Z/YDC6w==",
			"dev": true,
			"requires": {
				"esutils": "2.0.2",
				"lodash": "4.17.4",
				"to-fast-properties": "2.0.0"
			}
		},
		"classnames": {
			"version": "2.2.5",
			"resolved": "https://registry.npmjs.org/classnames/-/classnames-2.2.5.tgz",
			"integrity": "sha1-+zgB1FNGdknvNgPH1hoCvRKb3m0="
		},
		"component-classes": {
			"version": "1.2.6",
			"resolved": "https://registry.npmjs.org/component-classes/-/component-classes-1.2.6.tgz",
			"integrity": "sha1-xkI5TDYYpNiwuJGe/Mu9kw5c1pE=",
			"requires": {
				"component-indexof": "0.0.3"
			}
		},
		"component-indexof": {
			"version": "0.0.3",
			"resolved": "https://registry.npmjs.org/component-indexof/-/component-indexof-0.0.3.tgz",
			"integrity": "sha1-EdCRMSI5648yyPJa6csAL/6NPCQ="
		},
		"core-js": {
			"version": "2.5.1",
			"resolved": "https://registry.npmjs.org/core-js/-/core-js-2.5.1.tgz",
			"integrity": "sha1-rmh03GaTd4m4B1T/VCjfZoGcpQs="
		},
		"create-react-class": {
			"version": "15.6.2",
			"resolved": "https://registry.npmjs.org/create-react-class/-/create-react-class-15.6.2.tgz",
			"integrity": "sha1-zx7RXxKq1/FO9fLf4F5sQvke8Co=",
			"requires": {
				"fbjs": "0.8.16",
				"loose-envify": "1.3.1",
				"object-assign": "4.1.1"
			}
		},
		"css-animation": {
			"version": "1.4.1",
			"resolved": "https://registry.npmjs.org/css-animation/-/css-animation-1.4.1.tgz",
			"integrity": "sha1-W4gTEl3g+7uwu+G0cq6EIhRpt6g=",
			"requires": {
				"babel-runtime": "6.26.0",
				"component-classes": "1.2.6"
			}
		},
		"dom-align": {
			"version": "1.6.5",
			"resolved": "https://registry.npmjs.org/dom-align/-/dom-align-1.6.5.tgz",
			"integrity": "sha512-f/JRwEZOv8Dfsv4yIy4s7LRNwmiD80PlnYSa9fJfLaYinUSjrChdNvDvXRZDX/+CKBZWCsPN1Co0aM38xy4RpA=="
		},
		"encoding": {
			"version": "0.1.12",
			"resolved": "https://registry.npmjs.org/encoding/-/encoding-0.1.12.tgz",
			"integrity": "sha1-U4tm8+5izRq1HsMjgp0flIDHS+s=",
			"requires": {
				"iconv-lite": "0.4.19"
			}
		},
		"esutils": {
			"version": "2.0.2",
			"resolved": "https://registry.npmjs.org/esutils/-/esutils-2.0.2.tgz",
			"integrity": "sha1-Cr9PHKpbyx96nYrMbepPqqBLrJs=",
			"dev": true
		},
		"exenv": {
			"version": "1.2.2",
			"resolved": "https://registry.npmjs.org/exenv/-/exenv-1.2.2.tgz",
			"integrity": "sha1-KueOhdmJQVhnCwPUe+wfA72Ru50="
		},
		"fbjs": {
			"version": "0.8.16",
			"resolved": "https://registry.npmjs.org/fbjs/-/fbjs-0.8.16.tgz",
			"integrity": "sha1-XmdDL1UNxBtXK/VYR7ispk5TN9s=",
			"requires": {
				"core-js": "1.2.7",
				"isomorphic-fetch": "2.2.1",
				"loose-envify": "1.3.1",
				"object-assign": "4.1.1",
				"promise": "7.3.1",
				"setimmediate": "1.0.5",
				"ua-parser-js": "0.7.17"
			},
			"dependencies": {
				"core-js": {
					"version": "1.2.7",
					"resolved": "https://registry.npmjs.org/core-js/-/core-js-1.2.7.tgz",
					"integrity": "sha1-ZSKUwUZR2yj6k70tX/KYOk8IxjY="
				}
			}
		},
		"iconv-lite": {
			"version": "0.4.19",
			"resolved": "https://registry.npmjs.org/iconv-lite/-/iconv-lite-0.4.19.tgz",
			"integrity": "sha512-oTZqweIP51xaGPI4uPa56/Pri/480R+mo7SeU+YETByQNhDG55ycFyNLIgta9vXhILrxXDmF7ZGhqZIcuN0gJQ=="
		},
		"is-stream": {
			"version": "1.1.0",
			"resolved": "https://registry.npmjs.org/is-stream/-/is-stream-1.1.0.tgz",
			"integrity": "sha1-EtSj3U5o4Lec6428hBc66A2RykQ="
		},
		"isomorphic-fetch": {
			"version": "2.2.1",
			"resolved": "https://registry.npmjs.org/isomorphic-fetch/-/isomorphic-fetch-2.2.1.tgz",
			"integrity": "sha1-YRrhrPFPXoH3KVB0coGf6XM1WKk=",
			"requires": {
				"node-fetch": "1.7.3",
				"whatwg-fetch": "2.0.3"
			}
		},
		"js-tokens": {
			"version": "3.0.2",
			"resolved": "https://registry.npmjs.org/js-tokens/-/js-tokens-3.0.2.tgz",
			"integrity": "sha1-mGbfOVECEw449/mWvOtlRDIJwls="
		},
		"lodash": {
			"version": "4.17.4",
			"resolved": "https://registry.npmjs.org/lodash/-/lodash-4.17.4.tgz",
			"integrity": "sha1-eCA6TRwyiuHYbcpkYONptX9AVa4=",
			"dev": true
		},
		"lodash._getnative": {
			"version": "3.9.1",
			"resolved": "https://registry.npmjs.org/lodash._getnative/-/lodash._getnative-3.9.1.tgz",
			"integrity": "sha1-VwvH3t5G1hzc3mh9ZdPuy6o6r/U="
		},
		"lodash.isarguments": {
			"version": "3.1.0",
			"resolved": "https://registry.npmjs.org/lodash.isarguments/-/lodash.isarguments-3.1.0.tgz",
			"integrity": "sha1-L1c9hcaiQon/AGY7SRwdM4/zRYo="
		},
		"lodash.isarray": {
			"version": "3.0.4",
			"resolved": "https://registry.npmjs.org/lodash.isarray/-/lodash.isarray-3.0.4.tgz",
			"integrity": "sha1-eeTriMNqgSKvhvhEqpvNhRtfu1U="
		},
		"lodash.keys": {
			"version": "3.1.2",
			"resolved": "https://registry.npmjs.org/lodash.keys/-/lodash.keys-3.1.2.tgz",
			"integrity": "sha1-TbwEcrFWvlCgsoaFXRvQsMZWCYo=",
			"requires": {
				"lodash._getnative": "3.9.1",
				"lodash.isarguments": "3.1.0",
				"lodash.isarray": "3.0.4"
			}
		},
		"loose-envify": {
			"version": "1.3.1",
			"resolved": "https://registry.npmjs.org/loose-envify/-/loose-envify-1.3.1.tgz",
			"integrity": "sha1-0aitM/qc4OcT1l/dCsi3SNR4yEg=",
			"requires": {
				"js-tokens": "3.0.2"
			}
		},
		"node-fetch": {
			"version": "1.7.3",
			"resolved": "https://registry.npmjs.org/node-fetch/-/node-fetch-1.7.3.tgz",
			"integrity": "sha512-NhZ4CsKx7cYm2vSrBAr2PvFOe6sWDf0UYLRqA6svUYg7+/TSfVAu49jYC4BvQ4Sms9SZgdqGBgroqfDhJdTyKQ==",
			"requires": {
				"encoding": "0.1.12",
				"is-stream": "1.1.0"
			}
		},
		"normalize.css": {
			"version": "7.0.0",
			"resolved": "https://registry.npmjs.org/normalize.css/-/normalize.css-7.0.0.tgz",
			"integrity": "sha1-q/sd2CRwZ04DIrU86xqvQSk45L8="
		},
		"object-assign": {
			"version": "4.1.1",
			"resolved": "https://registry.npmjs.org/object-assign/-/object-assign-4.1.1.tgz",
			"integrity": "sha1-IQmtx5ZYh8/AXLvUQsrIv7s2CGM="
		},
		"performance-now": {
			"version": "2.1.0",
			"resolved": "https://registry.npmjs.org/performance-now/-/performance-now-2.1.0.tgz",
			"integrity": "sha1-Ywn04OX6kT7BxpMHrjZLSzd8nns="
		},
		"promise": {
			"version": "7.3.1",
			"resolved": "https://registry.npmjs.org/promise/-/promise-7.3.1.tgz",
			"integrity": "sha512-nolQXZ/4L+bP/UGlkfaIujX9BKxGwmQ9OT4mOt5yvy8iK1h3wqTEJCijzGANTCCl9nWjY41juyAn2K3Q1hLLTg==",
			"requires": {
				"asap": "2.0.6"
			}
		},
		"prop-types": {
			"version": "15.6.0",
			"resolved": "https://registry.npmjs.org/prop-types/-/prop-types-15.6.0.tgz",
			"integrity": "sha1-zq8IMCL8RrSjX2nhPvda7Q1jmFY=",
			"requires": {
				"fbjs": "0.8.16",
				"loose-envify": "1.3.1",
				"object-assign": "4.1.1"
			}
		},
		"raf": {
			"version": "3.4.0",
			"resolved": "https://registry.npmjs.org/raf/-/raf-3.4.0.tgz",
			"integrity": "sha512-pDP/NMRAXoTfrhCfyfSEwJAKLaxBU9eApMeBPB1TkDouZmvPerIClV8lTAd+uF8ZiTaVl69e1FCxQrAd/VTjGw==",
			"requires": {
				"performance-now": "2.1.0"
			}
		},
		"rc-align": {
			"version": "2.3.4",
			"resolved": "https://registry.npmjs.org/rc-align/-/rc-align-2.3.4.tgz",
			"integrity": "sha1-2Dvat1YPAULnKj3h1JXatroiUkk=",
			"requires": {
				"dom-align": "1.6.5",
				"prop-types": "15.6.0",
				"rc-util": "4.1.1"
			}
		},
		"rc-animate": {
			"version": "2.4.1",
			"resolved": "https://registry.npmjs.org/rc-animate/-/rc-animate-2.4.1.tgz",
			"integrity": "sha512-hixobyAvDv0Oz4gHPOh67K4ck5Rz3JBBojBuKzYcu4b8JKMIiJxym83DfkkkYxXEEx/rwGf0mU0Dno/lbWghIQ==",
			"requires": {
				"babel-runtime": "6.26.0",
				"css-animation": "1.4.1",
				"prop-types": "15.6.0"
			}
		},
		"rc-checkbox": {
			"version": "2.0.3",
			"resolved": "https://registry.npmjs.org/rc-checkbox/-/rc-checkbox-2.0.3.tgz",
			"integrity": "sha1-Q2qdUIlI4iSYDwU16nOLSBd6jyU=",
			"requires": {
				"babel-runtime": "6.26.0",
				"classnames": "2.2.5",
				"prop-types": "15.6.0",
				"rc-util": "4.1.1"
			}
		},
		"rc-collapse": {
			"version": "1.7.6",
			"resolved": "https://registry.npmjs.org/rc-collapse/-/rc-collapse-1.7.6.tgz",
			"integrity": "sha512-REqPFBh2N+/skEhk+pfO8phneRZCYCSR1YGAqQUJBrauZvfwaphL86WqSxGUVdy8KeIRl3gNw0J/b3lkD4yLxQ==",
			"requires": {
				"classnames": "2.2.5",
				"css-animation": "1.4.1",
				"prop-types": "15.6.0",
				"rc-animate": "2.4.1"
			}
		},
		"rc-drawer": {
			"version": "0.4.11",
			"resolved": "https://registry.npmjs.org/rc-drawer/-/rc-drawer-0.4.11.tgz",
			"integrity": "sha1-lPquwoGDq5DxNfDf4kTcoUz+55k=",
			"requires": {
				"babel-runtime": "6.26.0",
				"classnames": "2.2.5",
				"prop-types": "15.6.0"
			}
		},
		"rc-gesture": {
			"version": "0.0.15",
			"resolved": "https://registry.npmjs.org/rc-gesture/-/rc-gesture-0.0.15.tgz",
			"integrity": "sha512-HGXQsON97ADTALWssNoV7kY9LrMqUekR9OQ5b0mj3np516ECIWlnQLSVePddrq8k9P4FLHqe9M/vjNKbHcje2w==",
			"requires": {
				"babel-runtime": "6.26.0"
			}
		},
		"rc-notification": {
			"version": "2.0.6",
			"resolved": "https://registry.npmjs.org/rc-notification/-/rc-notification-2.0.6.tgz",
			"integrity": "sha512-KD5JcCIiZQaTvbGsbevRFQbHcxTkj49A5ceCBQ2RAnLbCaC9H+plXTZJEUUDMDmESVVx7491CvTzWVAvR9z/Pw==",
			"requires": {
				"babel-runtime": "6.26.0",
				"classnames": "2.2.5",
				"prop-types": "15.6.0",
				"rc-animate": "2.4.1",
				"rc-util": "4.1.1"
			}
		},
		"rc-slider": {
			"version": "8.2.0",
			"resolved": "https://registry.npmjs.org/rc-slider/-/rc-slider-8.2.0.tgz",
			"integrity": "sha1-rjfRcUTK1g4dpurA7k/8/qCwpug=",
			"requires": {
				"babel-runtime": "6.26.0",
				"classnames": "2.2.5",
				"prop-types": "15.6.0",
				"rc-tooltip": "3.5.0",
				"rc-util": "4.1.1",
				"shallowequal": "1.0.2",
				"warning": "3.0.0"
			},
			"dependencies": {
				"shallowequal": {
					"version": "1.0.2",
					"resolved": "https://registry.npmjs.org/shallowequal/-/shallowequal-1.0.2.tgz",
					"integrity": "sha512-zlVXeVUKvo+HEv1e2KQF/csyeMKx2oHvatQ9l6XjCUj3agvC8XGf6R9HvIPDSmp8FNPvx7b5kaEJTRi7CqxtEw=="
				}
			}
		},
		"rc-swipeout": {
			"version": "2.0.2",
			"resolved": "https://registry.npmjs.org/rc-swipeout/-/rc-swipeout-2.0.2.tgz",
			"integrity": "sha512-UPZPkCJu7F8iWZTUK6T8NoJB7Lv7sfg6zcMYENlTcaRAoS0lnFGr6AWcnt6WOHX6jHnZ18yaFtTR0SPplI6HGQ==",
			"requires": {
				"babel-runtime": "6.26.0",
				"classnames": "2.2.5",
				"rc-gesture": "0.0.15",
				"react-native-swipeout": "2.3.1"
			}
		},
		"rc-tooltip": {
			"version": "3.5.0",
			"resolved": "https://registry.npmjs.org/rc-tooltip/-/rc-tooltip-3.5.0.tgz",
			"integrity": "sha512-rivqNkz00EQOBKZz9n/CAYrDSvepJ6GM0IH3H/m6bKXZpbZnmOcqDi1RsaToXmsdvFPERPq6zIq0DRxnj6ctLA==",
			"requires": {
				"babel-runtime": "6.26.0",
				"prop-types": "15.6.0",
				"rc-trigger": "1.11.5"
			}
		},
		"rc-trigger": {
			"version": "1.11.5",
			"resolved": "https://registry.npmjs.org/rc-trigger/-/rc-trigger-1.11.5.tgz",
			"integrity": "sha512-MBuUPw1nFzA4K7jQOwb7uvFaZFjXGd00EofUYiZ+l/fgKVq8wnLC0lkv36kwqM7vfKyftRo2sh7cWVpdPuNnnw==",
			"requires": {
				"babel-runtime": "6.26.0",
				"create-react-class": "15.6.2",
				"prop-types": "15.6.0",
				"rc-align": "2.3.4",
				"rc-animate": "2.4.1",
				"rc-util": "4.1.1"
			}
		},
		"rc-util": {
			"version": "4.1.1",
			"resolved": "https://registry.npmjs.org/rc-util/-/rc-util-4.1.1.tgz",
			"integrity": "sha512-XmTNkQWt39uvBcNfR75Ps6nAoXb298Sj93UYPRXvMrkSt16H4SDMmtvPdVHpdi2yKQhVJD4ScEyKo9wwLPKuMA==",
			"requires": {
				"add-dom-event-listener": "1.0.2",
				"babel-runtime": "6.26.0",
				"prop-types": "15.6.0",
				"shallowequal": "0.2.2"
			}
		},
		"react-native-camera-roll-picker": {
			"version": "1.2.3",
			"resolved": "https://registry.npmjs.org/react-native-camera-roll-picker/-/react-native-camera-roll-picker-1.2.3.tgz",
			"integrity": "sha1-sRf9OiuQEtzM7hJhqbxCcia41tI="
		},
		"react-native-collapsible": {
			"version": "0.8.1",
			"resolved": "https://registry.npmjs.org/react-native-collapsible/-/react-native-collapsible-0.8.1.tgz",
			"integrity": "sha512-8PcDTD7Fj2lhs8d4l/oifiiR/asHfAbj5hYIEwpx8Qm15jUMQjdKURPFwEpCtgZbnhAUtEyFtyD4MBiaNdm/bw==",
			"requires": {
				"prop-types": "15.6.0"
			}
		},
		"react-native-dismiss-keyboard": {
			"version": "1.0.0",
			"resolved": "https://registry.npmjs.org/react-native-dismiss-keyboard/-/react-native-dismiss-keyboard-1.0.0.tgz",
			"integrity": "sha1-MohiQrPyMX4SHzrrmwpYXiuHm0k="
		},
		"react-native-drawer-layout": {
			"version": "1.3.2",
			"resolved": "https://registry.npmjs.org/react-native-drawer-layout/-/react-native-drawer-layout-1.3.2.tgz",
			"integrity": "sha512-fjO0scqbJUfNu2wuEpvywL7DYLXuCXJ2W/zYhWz986rdLytidbys1QGVvkaszHrb4Y7OqO96mTkgpOcP8KWevw==",
			"requires": {
				"react-native-dismiss-keyboard": "1.0.0"
			}
		},
		"react-native-menu": {
			"version": "0.23.0",
			"resolved": "https://registry.npmjs.org/react-native-menu/-/react-native-menu-0.23.0.tgz",
			"integrity": "sha1-PAIyOa7ZXUGSdd9QwZmYKtfrBis=",
			"requires": {
				"create-react-class": "15.6.2",
				"prop-types": "15.6.0",
				"react-timer-mixin": "0.13.3"
			}
		},
		"react-native-swipeout": {
			"version": "2.3.1",
			"resolved": "https://registry.npmjs.org/react-native-swipeout/-/react-native-swipeout-2.3.1.tgz",
			"integrity": "sha512-jaILLVbyhlizH3dfJgDISYJVnW4bCxTof2J8hm8yQi6cqSMif50JNKYNUngXqvvi50C6lEL1BYYDE0/G9A3TuQ==",
			"requires": {
				"create-react-class": "15.6.2",
				"prop-types": "15.6.0",
				"react-tween-state": "0.1.5"
			}
		},
		"react-timer-mixin": {
			"version": "0.13.3",
			"resolved": "https://registry.npmjs.org/react-timer-mixin/-/react-timer-mixin-0.13.3.tgz",
			"integrity": "sha1-Dai5+AfsB9w+hU0ILHN8ZWBbPSI="
		},
		"react-tween-state": {
			"version": "0.1.5",
			"resolved": "https://registry.npmjs.org/react-tween-state/-/react-tween-state-0.1.5.tgz",
			"integrity": "sha1-6YsGZVHvuTy5LdG+FJlcLj3q4zk=",
			"requires": {
				"raf": "3.4.0",
				"tween-functions": "1.2.0"
			}
		},
		"regenerator-runtime": {
			"version": "0.11.0",
			"resolved": "https://registry.npmjs.org/regenerator-runtime/-/regenerator-runtime-0.11.0.tgz",
			"integrity": "sha512-/aA0kLeRb5N9K0d4fw7ooEbI+xDe+DKD499EQqygGqeS8N3xto15p09uY2xj7ixP81sNPXvRLnAQIqdVStgb1A=="
		},
		"rmc-align": {
			"version": "1.0.0",
			"resolved": "https://registry.npmjs.org/rmc-align/-/rmc-align-1.0.0.tgz",
			"integrity": "sha512-3gEa5/+hqqoEVoeQ25KoRc8DOsXIdSaVpaBq1zQFaV941LR3xvZIRTlxTDT/IagYwoGM1KZea/jd7cNMYP34Rg==",
			"requires": {
				"babel-runtime": "6.26.0",
				"dom-align": "1.6.5",
				"rc-util": "4.1.1"
			}
		},
		"rmc-calendar": {
			"version": "1.1.2",
			"resolved": "https://registry.npmjs.org/rmc-calendar/-/rmc-calendar-1.1.2.tgz",
			"integrity": "sha512-9s+KEZl4+6kwxP+saGvwdQc+XeZB86CJ4paV0KJlOFR491N1kOsfjUaeDvDlqmI7vF+G+iGrkCkTX77ecTmpcw==",
			"requires": {
				"babel-runtime": "6.26.0",
				"rc-animate": "2.4.1",
				"rmc-date-picker": "6.0.5"
			}
		},
		"rmc-cascader": {
			"version": "5.0.0",
			"resolved": "https://registry.npmjs.org/rmc-cascader/-/rmc-cascader-5.0.0.tgz",
			"integrity": "sha512-e/4JlrBTO1BFdT+vexcyJ38Z2xKO0S2voxzV7CCVbKfpR48QW3UwzY3MyzFe6j2uIncj8gyhxWwczpvLMeGEpg==",
			"requires": {
				"array-tree-filter": "1.0.1",
				"babel-runtime": "6.26.0",
				"rmc-picker": "5.0.3"
			}
		},
		"rmc-date-picker": {
			"version": "6.0.5",
			"resolved": "https://registry.npmjs.org/rmc-date-picker/-/rmc-date-picker-6.0.5.tgz",
			"integrity": "sha512-Ahz5x0zphivBhgDikugHfEkUGvnrzcT41xqNT6xRY8S8LVPt4fFROrDQYsh16uW1u9bViGzOaQPY5vwgeRSfbQ==",
			"requires": {
				"babel-runtime": "6.26.0",
				"rmc-picker": "5.0.3"
			}
		},
		"rmc-dialog": {
			"version": "1.0.5",
			"resolved": "https://registry.npmjs.org/rmc-dialog/-/rmc-dialog-1.0.5.tgz",
			"integrity": "sha512-yaWHP2ss1vnXEyitXxnFAq/AnIaY8KBMsWFkJt6RNOaCSZjaxl3z/ZU7+r9RBRwV6eqS6l7irX6uIqc+mX1rtQ==",
			"requires": {
				"babel-runtime": "6.26.0",
				"rc-animate": "2.4.1"
			}
		},
		"rmc-feedback": {
			"version": "1.0.2",
			"resolved": "https://registry.npmjs.org/rmc-feedback/-/rmc-feedback-1.0.2.tgz",
			"integrity": "sha512-wI6noG55LQt2v1iB/8mgKwhQY0aWJQtzJQtjOYg3sWWSSqAdlmrlgo88SLNNnuzlU18Db5drhhfuc+UjjESqbg==",
			"requires": {
				"babel-runtime": "6.26.0",
				"classnames": "2.2.5"
			}
		},
		"rmc-input-number": {
			"version": "1.0.1",
			"resolved": "https://registry.npmjs.org/rmc-input-number/-/rmc-input-number-1.0.1.tgz",
			"integrity": "sha512-t492mBkSbz0sJLbwcpDP7RiumZz9hlvsS5TXZNxx0a0LZlHj1AvQk/4rCl2B6F+PpJejjzid763IyGA+B+EGhw==",
			"requires": {
				"babel-runtime": "6.26.0",
				"classnames": "2.2.5",
				"rmc-feedback": "1.0.2"
			}
		},
		"rmc-list-view": {
			"version": "0.11.2",
			"resolved": "https://registry.npmjs.org/rmc-list-view/-/rmc-list-view-0.11.2.tgz",
			"integrity": "sha512-w5ha/Rv1UP0/HmeMFjfg9EUufIIwURg3Ah3pLYIbpQzokZKIQeLMKZpX78ITiJUnaRt/Q/CjL93pUYwOsHZGSA==",
			"requires": {
				"babel-runtime": "6.26.0",
				"classnames": "2.2.5",
				"fbjs": "0.8.16",
				"prop-types": "15.6.0",
				"warning": "3.0.0",
				"zscroller": "0.3.1"
			}
		},
		"rmc-nuka-carousel": {
			"version": "3.0.0",
			"resolved": "https://registry.npmjs.org/rmc-nuka-carousel/-/rmc-nuka-carousel-3.0.0.tgz",
			"integrity": "sha512-FXQClFzOS/KZdDKEE47GksId1tA0IxlhG0nJ0JKbIFY3MHTxfNHmdCXzs88v7ahzepZTzbOSE0O1HEJ6lGz/GA==",
			"requires": {
				"exenv": "1.2.2",
				"raf": "3.4.0"
			}
		},
		"rmc-picker": {
			"version": "5.0.3",
			"resolved": "https://registry.npmjs.org/rmc-picker/-/rmc-picker-5.0.3.tgz",
			"integrity": "sha512-wYF1bB7Qjp6lnAzNk4KjIVOcJKtRYiamLNFDr0NNgvr15NiZTB/Ffnn0j0OsAs8IygGLVhVvxcNcj2jc8jdmtw==",
			"requires": {
				"babel-runtime": "6.26.0",
				"classnames": "2.2.5",
				"rmc-dialog": "1.0.5",
				"rmc-feedback": "1.0.2"
			}
		},
		"rmc-pull-to-refresh": {
			"version": "1.0.3",
			"resolved": "https://registry.npmjs.org/rmc-pull-to-refresh/-/rmc-pull-to-refresh-1.0.3.tgz",
			"integrity": "sha1-G0u5M/XOE44zEt2Vzr2kvi1/T58=",
			"requires": {
				"babel-runtime": "6.26.0",
				"classnames": "2.2.5"
			}
		},
		"rmc-steps": {
			"version": "1.0.0",
			"resolved": "https://registry.npmjs.org/rmc-steps/-/rmc-steps-1.0.0.tgz",
			"integrity": "sha512-VuQEPC2P4PQ7DdZDCIbGfFTfzzTwLAyey+fSJUolc4qheIE7bN4oogH2xDZurM2TTpAQHg2aMMv4E6JYyVbUqA==",
			"requires": {
				"babel-runtime": "6.26.0",
				"classnames": "2.2.5"
			}
		},
		"rmc-tabs": {
			"version": "1.2.10",
			"resolved": "https://registry.npmjs.org/rmc-tabs/-/rmc-tabs-1.2.10.tgz",
			"integrity": "sha512-Y9WDBKtZ48HCALfjfmhd9dNLG3k74HN/m9IbNDQpo+w52zBHtnvCGPw0cI8+YZno2ThqXoMwKOvZAtpYLs9xpQ==",
			"requires": {
				"babel-runtime": "6.26.0",
				"rc-gesture": "0.0.15"
			}
		},
		"rmc-tooltip": {
			"version": "1.0.1",
			"resolved": "https://registry.npmjs.org/rmc-tooltip/-/rmc-tooltip-1.0.1.tgz",
			"integrity": "sha512-fSDArf2BlMVrHExmBiqb2TkCRJHshvXFJQ/7tMraLellwaJLNiwrxtWpW329k3S+zTtoVG8UxFS1TjBGEsMzRg==",
			"requires": {
				"babel-runtime": "6.26.0",
				"rmc-trigger": "1.0.7"
			}
		},
		"rmc-trigger": {
			"version": "1.0.7",
			"resolved": "https://registry.npmjs.org/rmc-trigger/-/rmc-trigger-1.0.7.tgz",
			"integrity": "sha512-Kp/2G608xI115DB+fZxocxafkp87JgdTYVxXFp2kEc+Jd5Y9gliBZjCMhmGZrDQxDDX7cT41eHIZKIo4Qotp9g==",
			"requires": {
				"babel-runtime": "6.26.0",
				"rc-animate": "2.4.1",
				"rc-util": "4.1.1",
				"rmc-align": "1.0.0"
			}
		},
		"rn-topview": {
			"version": "0.1.6",
			"resolved": "https://registry.npmjs.org/rn-topview/-/rn-topview-0.1.6.tgz",
			"integrity": "sha512-Dq9/Acbj5R9w9hK05+CiZ2Y4ZPE+6ih3EodBc+Kde9oYWeG/IDPxWuRygyAQDyXnnieRyRqrzCbuQ6L8ib31IA=="
		},
		"setimmediate": {
			"version": "1.0.5",
			"resolved": "https://registry.npmjs.org/setimmediate/-/setimmediate-1.0.5.tgz",
			"integrity": "sha1-KQy7Iy4waULX1+qbg3Mqt4VvgoU="
		},
		"shallowequal": {
			"version": "0.2.2",
			"resolved": "https://registry.npmjs.org/shallowequal/-/shallowequal-0.2.2.tgz",
			"integrity": "sha1-HjL9W8q2rWiKSBLLDMBO/HXHAU4=",
			"requires": {
				"lodash.keys": "3.1.2"
			}
		},
		"to-fast-properties": {
			"version": "2.0.0",
			"resolved": "https://registry.npmjs.org/to-fast-properties/-/to-fast-properties-2.0.0.tgz",
			"integrity": "sha1-3F5pjL0HkmW8c+A3doGk5Og/YW4=",
			"dev": true
		},
		"tween-functions": {
			"version": "1.2.0",
			"resolved": "https://registry.npmjs.org/tween-functions/-/tween-functions-1.2.0.tgz",
			"integrity": "sha1-GuOlDnxguz3vd06scHrLynO7w/8="
		},
		"ua-parser-js": {
			"version": "0.7.17",
			"resolved": "https://registry.npmjs.org/ua-parser-js/-/ua-parser-js-0.7.17.tgz",
			"integrity": "sha512-uRdSdu1oA1rncCQL7sCj8vSyZkgtL7faaw9Tc9rZ3mGgraQ7+Pdx7w5mnOSF3gw9ZNG6oc+KXfkon3bKuROm0g=="
		},
		"warning": {
			"version": "3.0.0",
			"resolved": "https://registry.npmjs.org/warning/-/warning-3.0.0.tgz",
			"integrity": "sha1-MuU3fLVy3kqwR1O9+IIcAe1gW3w=",
			"requires": {
				"loose-envify": "1.3.1"
			}
		},
		"whatwg-fetch": {
			"version": "2.0.3",
			"resolved": "https://registry.npmjs.org/whatwg-fetch/-/whatwg-fetch-2.0.3.tgz",
			"integrity": "sha1-nITsLc9oGH/wC8ZOEnS0QhduHIQ="
		},
		"zscroller": {
			"version": "0.3.1",
			"resolved": "https://registry.npmjs.org/zscroller/-/zscroller-0.3.1.tgz",
			"integrity": "sha1-3vTQQDeN5Cl/080xFpEZ5lNj3Pc=",
			"requires": {
				"babel-runtime": "6.26.0",
				"raf": "3.4.0"
			}
		}
	}
}
